
Microsoft Visual Studio Solution File, Format Version 12.00
# Visual Studio 14
VisualStudioVersion = 14.0.24720.0
MinimumVisualStudioVersion = 10.0.40219.1
Project("{BE0A4C86-FC82-4F70-8ED6-D24C8B13E7BF}") = "Roll20PathfinderCharacterSheet", "Roll20PathfinderCharacterSheet\Roll20PathfinderCharacterSheet.javaproj", "{C7C831C0-0A5B-4886-A8BA-9D7FC6856AE6}"
EndProject
Global
	GlobalSection(SolutionConfigurationPlatforms) = preSolution
		Debug|Any CPU = Debug|Any CPU
		Release|Any CPU = Release|Any CPU
	EndGlobalSection
	GlobalSection(ProjectConfigurationPlatforms) = postSolution
		{C7C831C0-0A5B-4886-A8BA-9D7FC6856AE6}.Debug|Any CPU.ActiveCfg = Debug|Any CPU
		{C7C831C0-0A5B-4886-A8BA-9D7FC6856AE6}.Debug|Any CPU.Build.0 = Debug|Any CPU
		{C7C831C0-0A5B-4886-A8BA-9D7FC6856AE6}.Release|Any CPU.ActiveCfg = Release|Any CPU
		{C7C831C0-0A5B-4886-A8BA-9D7FC6856AE6}.Release|Any CPU.Build.0 = Release|Any CPU
	EndGlobalSection
	GlobalSection(SolutionProperties) = preSolution
		HideSolutionNode = FALSE
	EndGlobalSection
EndGlobal
